// !$*UTF8*$!
{
	archiveVersion = 1;
	classes = {
	};
	objectVersion = 46;
	objects = {

/* Begin PBXBuildFile section */
		4BFF8BCF1C979EE4001DF69F /* main.m in Sources */ = {isa = PBXBuildFile; fileRef = 4BFF8BCE1C979EE4001DF69F /* main.m */; };
		4BFF8BD21C979EE4001DF69F /* AppDelegate.m in Sources */ = {isa = PBXBuildFile; fileRef = 4BFF8BD11C979EE4001DF69F /* AppDelegate.m */; };
		4BFF8BDA1C979EE5001DF69F /* Assets.xcassets in Resources */ = {isa = PBXBuildFile; fileRef = 4BFF8BD91C979EE5001DF69F /* Assets.xcassets */; };
		4BFF8BEA1C97A1CA001DF69F /* ModalViewController.m in Sources */ = {isa = PBXBuildFile; fileRef = 4BFF8BE81C97A1CA001DF69F /* ModalViewController.m */; };
		4BFF8BEB1C97A1CA001DF69F /* ModalViewController.xib in Resources */ = {isa = PBXBuildFile; fileRef = 4BFF8BE91C97A1CA001DF69F /* ModalViewController.xib */; };
		4BFF8BF11C97A1F0001DF69F /* RootViewController.m in Sources */ = {isa = PBXBuildFile; fileRef = 4BFF8BEF1C97A1F0001DF69F /* RootViewController.m */; };
		4BFF8BF21C97A1F0001DF69F /* RootViewController.xib in Resources */ = {isa = PBXBuildFile; fileRef = 4BFF8BF01C97A1F0001DF69F /* RootViewController.xib */; };
		4BFF8BF51C97A228001DF69F /* SuperScrollView.m in Sources */ = {isa = PBXBuildFile; fileRef = 4BFF8BF41C97A228001DF69F /* SuperScrollView.m */; };
		4BFF8BF81C97A23A001DF69F /* SubScrollView.m in Sources */ = {isa = PBXBuildFile; fileRef = 4BFF8BF71C97A23A001DF69F /* SubScrollView.m */; };
/* End PBXBuildFile section */

/* Begin PBXFileReference section */
		4BFF8BCA1C979EE4001DF69F /* ScrollViewTest.app */ = {isa = PBXFileReference; explicitFileType = wrapper.application; includeInIndex = 0; path = ScrollViewTest.app; sourceTree = BUILT_PRODUCTS_DIR; };
		4BFF8BCE1C979EE4001DF69F /* main.m */ = {isa = PBXFileReference; lastKnownFileType = sourcecode.c.objc; path = main.m; sourceTree = "<group>"; };
		4BFF8BD01C979EE4001DF69F /* AppDelegate.h */ = {isa = PBXFileReference; lastKnownFileType = sourcecode.c.h; path = AppDelegate.h; sourceTree = "<group>"; };
		4BFF8BD11C979EE4001DF69F /* AppDelegate.m */ = {isa = PBXFileReference; lastKnownFileType = sourcecode.c.objc; path = AppDelegate.m; sourceTree = "<group>"; };
		4BFF8BD91C979EE5001DF69F /* Assets.xcassets */ = {isa = PBXFileReference; lastKnownFileType = folder.assetcatalog; path = Assets.xcassets; sourceTree = "<group>"; };
		4BFF8BDE1C979EE5001DF69F /* Info.plist */ = {isa = PBXFileReference; lastKnownFileType = text.plist.xml; path = Info.plist; sourceTree = "<group>"; };
		4BFF8BE71C97A1CA001DF69F /* ModalViewController.h */ = {isa = PBXFileReference; fileEncoding = 4; lastKnownFileType = sourcecode.c.h; path = ModalViewController.h; sourceTree = "<group>"; };
		4BFF8BE81C97A1CA001DF69F /* ModalViewController.m */ = {isa = PBXFileReference; fileEncoding = 4; lastKnownFileType = sourcecode.c.objc; path = ModalViewController.m; sourceTree = "<group>"; };
		4BFF8BE91C97A1CA001DF69F /* ModalViewController.xib */ = {isa = PBXFileReference; fileEncoding = 4; lastKnownFileType = file.xib; path = ModalViewController.xib; sourceTree = "<group>"; };
		4BFF8BEE1C97A1F0001DF69F /* RootViewController.h */ = {isa = PBXFileReference; fileEncoding = 4; lastKnownFileType = sourcecode.c.h; path = RootViewController.h; sourceTree = "<group>"; };
		4BFF8BEF1C97A1F0001DF69F /* RootViewController.m */ = {isa = PBXFileReference; fileEncoding = 4; lastKnownFileType = sourcecode.c.objc; path = RootViewController.m; sourceTree = "<group>"; };
		4BFF8BF01C97A1F0001DF69F /* RootViewController.xib */ = {isa = PBXFileReference; fileEncoding = 4; lastKnownFileType = file.xib; path = RootViewController.xib; sourceTree = "<group>"; };
		4BFF8BF31C97A228001DF69F /* SuperScrollView.h */ = {isa = PBXFileReference; fileEncoding = 4; lastKnownFileType = sourcecode.c.h; path = SuperScrollView.h; sourceTree = "<group>"; };
		4BFF8BF41C97A228001DF69F /* SuperScrollView.m */ = {isa = PBXFileReference; fileEncoding = 4; lastKnownFileType = sourcecode.c.objc; path = SuperScrollView.m; sourceTree = "<group>"; };
		4BFF8BF61C97A23A001DF69F /* SubScrollView.h */ = {isa = PBXFileReference; fileEncoding = 4; lastKnownFileType = sourcecode.c.h; path = SubScrollView.h; sourceTree = "<group>"; };
		4BFF8BF71C97A23A001DF69F /* SubScrollView.m */ = {isa = PBXFileReference; fileEncoding = 4; lastKnownFileType = sourcecode.c.objc; path = SubScrollView.m; sourceTree = "<group>"; };
/* End PBXFileReference section */

/* Begin PBXFrameworksBuildPhase section */
		4BFF8BC71C979EE4001DF69F /* Frameworks */ = {
			isa = PBXFrameworksBuildPhase;
			buildActionMask = 2147483647;
			files = (
			);
			runOnlyForDeploymentPostprocessing = 0;
		};
/* End PBXFrameworksBuildPhase section */

/* Begin PBXGroup section */
		4BFF8BC11C979EE4001DF69F = {
			isa = PBXGroup;
			children = (
				4BFF8BCC1C979EE4001DF69F /* ScrollViewTest */,
				4BFF8BCB1C979EE4001DF69F /* Products */,
			);
			sourceTree = "<group>";
		};
		4BFF8BCB1C979EE4001DF69F /* Products */ = {
			isa = PBXGroup;
			children = (
				4BFF8BCA1C979EE4001DF69F /* ScrollViewTest.app */,
			);
			name = Products;
			sourceTree = "<group>";
		};
		4BFF8BCC1C979EE4001DF69F /* ScrollViewTest */ = {
			isa = PBXGroup;
			children = (
				4BFF8BD01C979EE4001DF69F /* AppDelegate.h */,
				4BFF8BD11C979EE4001DF69F /* AppDelegate.m */,
				4BFF8BEE1C97A1F0001DF69F /* RootViewController.h */,
				4BFF8BEF1C97A1F0001DF69F /* RootViewController.m */,
				4BFF8BF01C97A1F0001DF69F /* RootViewController.xib */,
				4BFF8BE71C97A1CA001DF69F /* ModalViewController.h */,
				4BFF8BE81C97A1CA001DF69F /* ModalViewController.m */,
				4BFF8BE91C97A1CA001DF69F /* ModalViewController.xib */,
				4BFF8BF31C97A228001DF69F /* SuperScrollView.h */,
				4BFF8BF41C97A228001DF69F /* SuperScrollView.m */,
				4BFF8BF61C97A23A001DF69F /* SubScrollView.h */,
				4BFF8BF71C97A23A001DF69F /* SubScrollView.m */,
				4BFF8BD91C979EE5001DF69F /* Assets.xcassets */,
				4BFF8BDE1C979EE5001DF69F /* Info.plist */,
				4BFF8BCD1C979EE4001DF69F /* Supporting Files */,
			);
			path = ScrollViewTest;
			sourceTree = "<group>";
		};
		4BFF8BCD1C979EE4001DF69F /* Supporting Files */ = {
			isa = PBXGroup;
			children = (
				4BFF8BCE1C979EE4001DF69F /* main.m */,
			);
			name = "Supporting Files";
			sourceTree = "<group>";
		};
/* End PBXGroup section */

/* Begin PBXNativeTarget section */
		4BFF8BC91C979EE4001DF69F /* ScrollViewTest */ = {
			isa = PBXNativeTarget;
			buildConfigurationList = 4BFF8BE11C979EE5001DF69F /* Build configuration list for PBXNativeTarget "ScrollViewTest" */;
			buildPhases = (
				4BFF8BC61C979EE4001DF69F /* Sources */,
				4BFF8BC71C979EE4001DF69F /* Frameworks */,
				4BFF8BC81C979EE4001DF69F /* Resources */,
			);
			buildRules = (
			);
			dependencies = (
			);
			name = ScrollViewTest;
			productName = ScrollViewTest;
			productReference = 4BFF8BCA1C979EE4001DF69F /* ScrollViewTest.app */;
			productType = "com.apple.product-type.application";
		};
/* End PBXNativeTarget section */

/* Begin PBXProject section */
		4BFF8BC21C979EE4001DF69F /* Project object */ = {
			isa = PBXProject;
			attributes = {
				LastUpgradeCheck = 0720;
				ORGANIZATIONNAME = "Alan Lo";
				TargetAttributes = {
					4BFF8BC91C979EE4001DF69F = {
						CreatedOnToolsVersion = 7.2.1;
					};
				};
			};
			buildConfigurationList = 4BFF8BC51C979EE4001DF69F /* Build configuration list for PBXProject "ScrollViewTest" */;
			compatibilityVersion = "Xcode 3.2";
			developmentRegion = English;
			hasScannedForEncodings = 0;
			knownRegions = (
				en,
				Base,
			);
			mainGroup = 4BFF8BC11C979EE4001DF69F;
			productRefGroup = 4BFF8BCB1C979EE4001DF69F /* Products */;
			projectDirPath = "";
			projectRoot = "";
			targets = (
				4BFF8BC91C979EE4001DF69F /* ScrollViewTest */,
			);
		};
/* End PBXProject section */

/* Begin PBXResourcesBuildPhase section */
		4BFF8BC81C979EE4001DF69F /* Resources */ = {
			isa = PBXResourcesBuildPhase;
			buildActionMask = 2147483647;
			files = (
				4BFF8BEB1C97A1CA001DF69F /* ModalViewController.xib in Resources */,
				4BFF8BDA1C979EE5001DF69F /* Assets.xcassets in Resources */,
				4BFF8BF21C97A1F0001DF69F /* RootViewController.xib in Resources */,
			);
			runOnlyForDeploymentPostprocessing = 0;
		};
/* End PBXResourcesBuildPhase section */

/* Begin PBXSourcesBuildPhase section */
		4BFF8BC61C979EE4001DF69F /* Sources */ = {
			isa = PBXSourcesBuildPhase;
			buildActionMask = 2147483647;
			files = (
				4BFF8BF51C97A228001DF69F /* SuperScrollView.m in Sources */,
				4BFF8BEA1C97A1CA001DF69F /* ModalViewController.m in Sources */,
				4BFF8BF81C97A23A001DF69F /* SubScrollView.m in Sources */,
				4BFF8BD21C979EE4001DF69F /* AppDelegate.m in Sources */,
				4BFF8BF11C97A1F0001DF69F /* RootViewController.m in Sources */,
				4BFF8BCF1C979EE4001DF69F /* main.m in Sources */,
			);
			runOnlyForDeploymentPostprocessing = 0;
		};
/* End PBXSourcesBuildPhase section */

/* Begin XCBuildConfiguration section */
		4BFF8BDF1C979EE5001DF69F /* Debug */ = {
			isa = XCBuildConfiguration;
			buildSettings = {
				ALWAYS_SEARCH_USER_PATHS = NO;
				CLANG_CXX_LANGUAGE_STANDARD = "gnu++0x";
				CLANG_CXX_LIBRARY = "libc++";
				CLANG_ENABLE_MODULES = YES;
				CLANG_ENABLE_OBJC_ARC = YES;
				CLANG_WARN_BOOL_CONVERSION = YES;
				CLANG_WARN_CONSTANT_CONVERSION = YES;
				CLANG_WARN_DIRECT_OBJC_ISA_USAGE = YES_ERROR;
				CLANG_WARN_EMPTY_BODY = YES;
				CLANG_WARN_ENUM_CONVERSION = YES;
				CLANG_WARN_INT_CONVERSION = YES;
				CLANG_WARN_OBJC_ROOT_CLASS = YES_ERROR;
				CLANG_WARN_UNREACHABLE_CODE = YES;
				CLANG_WARN__DUPLICATE_METHOD_MATCH = YES;
				"CODE_SIGN_IDENTITY[sdk=iphoneos*]" = "iPhone Developer";
				COPY_PHASE_STRIP = NO;
				DEBUG_INFORMATION_FORMAT = dwarf;
				ENABLE_STRICT_OBJC_MSGSEND = YES;
				ENABLE_TESTABILITY = YES;
				GCC_C_LANGUAGE_STANDARD = gnu99;
				GCC_DYNAMIC_NO_PIC = NO;
				GCC_NO_COMMON_BLOCKS = YES;
				GCC_OPTIMIZATION_LEVEL = 0;
				GCC_PREPROCESSOR_DEFINITIONS = (
					"DEBUG=1",
					"$(inherited)",
				);
				GCC_WARN_64_TO_32_BIT_CONVERSION = YES;
				GCC_WARN_ABOUT_RETURN_TYPE = YES_ERROR;
				GCC_WARN_UNDECLARED_SELECTOR = YES;
				GCC_WARN_UNINITIALIZED_AUTOS = YES_AGGRESSIVE;
				GCC_WARN_UNUSED_FUNCTION = YES;
				GCC_WARN_UNUSED_VARIABLE = YES;
				IPHONEOS_DEPLOYMENT_TARGET = 9.2;
				MTL_ENABLE_DEBUG_INFO = YES;
				ONLY_ACTIVE_ARCH = YES;
				SDKROOT = iphoneos;
				TARGETED_DEVICE_FAMILY = "1,2";
			};
			name = Debug;
		};
		4BFF8BE01C979EE5001DF69F /* Release */ = {
			isa = XCBuildConfiguration;
			buildSettings = {
				ALWAYS_SEARCH_USER_PATHS = NO;
				CLANG_CXX_LANGUAGE_STANDARD = "gnu++0x";
				CLANG_CXX_LIBRARY = "libc++";
				CLANG_ENABLE_MODULES = YES;
				CLANG_ENABLE_OBJC_ARC = YES;
				CLANG_WARN_BOOL_CONVERSION = YES;
				CLANG_WARN_CONSTANT_CONVERSION = YES;
				CLANG_WARN_DIRECT_OBJC_ISA_USAGE = YES_ERROR;
				CLANG_WARN_EMPTY_BODY = YES;
				CLANG_WARN_ENUM_CONVERSION = YES;
				CLANG_WARN_INT_CONVERSION = YES;
				CLANG_WARN_OBJC_ROOT_CLASS = YES_ERROR;
				CLANG_WARN_UNREACHABLE_CODE = YES;
				CLANG_WARN__DUPLICATE_METHOD_MATCH = YES;
				"CODE_SIGN_IDENTITY[sdk=iphoneos*]" = "iPhone Developer";
				COPY_PHASE_STRIP = NO;
				DEBUG_INFORMATION_FORMAT = "dwarf-with-dsym";
				ENABLE_NS_ASSERTIONS = NO;
				ENABLE_STRICT_OBJC_MSGSEND = YES;
				GCC_C_LANGUAGE_STANDARD = gnu99;
				GCC_NO_COMMON_BLOCKS = YES;
				GCC_WARN_64_TO_32_BIT_CONVERSION = YES;
				GCC_WARN_ABOUT_RETURN_TYPE = YES_ERROR;
				GCC_WARN_UNDECLARED_SELECTOR = YES;
				GCC_WARN_UNINITIALIZED_AUTOS = YES_AGGRESSIVE;
				GCC_WARN_UNUSED_FUNCTION = YES;
				GCC_WARN_UNUSED_VARIABLE = YES;
				IPHONEOS_DEPLOYMENT_TARGET = 9.2;
				MTL_ENABLE_DEBUG_INFO = NO;
				SDKROOT = iphoneos;
				TARGETED_DEVICE_FAMILY = "1,2";
				VALIDATE_PRODUCT = YES;
			};
			name = Release;
		};
		4BFF8BE21C979EE5001DF69F /* Debug */ = {
			isa = XCBuildConfiguration;
			buildSettings = {
				ASSETCATALOG_COMPILER_APPICON_NAME = AppIcon;
				ASSETCATALOG_COMPILER_LAUNCHIMAGE_NAME = LaunchImage;
				INFOPLIST_FILE = ScrollViewTest/Info.plist;
				IPHONEOS_DEPLOYMENT_TARGET = 6.0;
				LD_RUNPATH_SEARCH_PATHS = "$(inherited) @executable_path/Frameworks";
				PRODUCT_BUNDLE_IDENTIFIER = com.alanlo.ScrollViewTest;
				PRODUCT_NAME = "$(TARGET_NAME)";
				TARGETED_DEVICE_FAMILY = 1;
			};
			name = Debug;
		};
		4BFF8BE31C979EE5001DF69F /* Release */ = {
			isa = XCBuildConfiguration;
			buildSettings = {
				ASSETCATALOG_COMPILER_APPICON_NAME = AppIcon;
				ASSETCATALOG_COMPILER_LAUNCHIMAGE_NAME = LaunchImage;
				INFOPLIST_FILE = ScrollViewTest/Info.plist;
				IPHONEOS_DEPLOYMENT_TARGET = 6.0;
				LD_RUNPATH_SEARCH_PATHS = "$(inherited) @executable_path/Frameworks";
				PRODUCT_BUNDLE_IDENTIFIER = com.alanlo.ScrollViewTest;
				PRODUCT_NAME = "$(TARGET_NAME)";
				TARGETED_DEVICE_FAMILY = 1;
			};
			name = Release;
		};
/* End XCBuildConfiguration section */

/* Begin XCConfigurationList section */
		4BFF8BC51C979EE4001DF69F /* Build configuration list for PBXProject "ScrollViewTest" */ = {
			isa = XCConfigurationList;
			buildConfigurations = (
				4BFF8BDF1C979EE5001DF69F /* Debug */,
				4BFF8BE01C979EE5001DF69F /* Release */,
			);
			defaultConfigurationIsVisible = 0;
			defaultConfigurationName = Release;
		};
		4BFF8BE11C979EE5001DF69F /* Build configuration list for PBXNativeTarget "ScrollViewTest" */ = {
			isa = XCConfigurationList;
			buildConfigurations = (
				4BFF8BE21C979EE5001DF69F /* Debug */,
				4BFF8BE31C979EE5001DF69F /* Release */,
			);
			defaultConfigurationIsVisible = 0;
		};
/* End XCConfigurationList section */
	};
	rootObject = 4BFF8BC21C979EE4001DF69F /* Project object */;
}
